
Microsoft Visual Studio Solution File, Format Version 12.00
# Visual Studio Version 17
VisualStudioVersion = 17.7.34031.279
MinimumVisualStudioVersion = 10.0.40219.1
Project("{8BC9CEB8-8B4A-11D0-8D11-00A0C91BC942}") = "shearedKM", "shearedKM\shearedKM.vcxproj", "{4B2E78A5-1F26-4AEC-9BFD-2AAA4CB7DBE8}"
EndProject
Project("{8BC9CEB8-8B4A-11D0-8D11-00A0C91BC942}") = "shearedKM_MPI", "shearedKM_MPI\shearedKM_MPI.vcxproj", "{C9953785-AE3E-479E-AF7A-FB92263732DB}"
EndProject
Global
	GlobalSection(SolutionConfigurationPlatforms) = preSolution
		Debug|x64 = Debug|x64
		Debug|x86 = Debug|x86
		Release|x64 = Release|x64
		Release|x86 = Release|x86
	EndGlobalSection
	GlobalSection(ProjectConfigurationPlatforms) = postSolution
		{4B2E78A5-1F26-4AEC-9BFD-2AAA4CB7DBE8}.Debug|x64.ActiveCfg = Debug|x64
		{4B2E78A5-1F26-4AEC-9BFD-2AAA4CB7DBE8}.Debug|x64.Build.0 = Debug|x64
		{4B2E78A5-1F26-4AEC-9BFD-2AAA4CB7DBE8}.Debug|x86.ActiveCfg = Debug|Win32
		{4B2E78A5-1F26-4AEC-9BFD-2AAA4CB7DBE8}.Debug|x86.Build.0 = Debug|Win32
		{4B2E78A5-1F26-4AEC-9BFD-2AAA4CB7DBE8}.Release|x64.ActiveCfg = Release|x64
		{4B2E78A5-1F26-4AEC-9BFD-2AAA4CB7DBE8}.Release|x64.Build.0 = Release|x64
		{4B2E78A5-1F26-4AEC-9BFD-2AAA4CB7DBE8}.Release|x86.ActiveCfg = Release|Win32
		{4B2E78A5-1F26-4AEC-9BFD-2AAA4CB7DBE8}.Release|x86.Build.0 = Release|Win32
		{C9953785-AE3E-479E-AF7A-FB92263732DB}.Debug|x64.ActiveCfg = Debug|x64
		{C9953785-AE3E-479E-AF7A-FB92263732DB}.Debug|x64.Build.0 = Debug|x64
		{C9953785-AE3E-479E-AF7A-FB92263732DB}.Debug|x86.ActiveCfg = Debug|Win32
		{C9953785-AE3E-479E-AF7A-FB92263732DB}.Debug|x86.Build.0 = Debug|Win32
		{C9953785-AE3E-479E-AF7A-FB92263732DB}.Release|x64.ActiveCfg = Release|x64
		{C9953785-AE3E-479E-AF7A-FB92263732DB}.Release|x64.Build.0 = Release|x64
		{C9953785-AE3E-479E-AF7A-FB92263732DB}.Release|x86.ActiveCfg = Release|Win32
		{C9953785-AE3E-479E-AF7A-FB92263732DB}.Release|x86.Build.0 = Release|Win32
	EndGlobalSection
	GlobalSection(SolutionProperties) = preSolution
		HideSolutionNode = FALSE
	EndGlobalSection
	GlobalSection(ExtensibilityGlobals) = postSolution
		SolutionGuid = {944C17E8-BDB4-4013-AF2F-A626D0E85ED2}
	EndGlobalSection
EndGlobal
